{
  "name": "xtal-fragment",
  "version": "0.0.0",
  "lockfileVersion": 2,
  "requires": true,
  "packages": {
    "": {
      "version": "0.0.0",
      "license": "MIT",
      "dependencies": {
        "trans-render": "0.0.288",
        "xtal-element": "0.0.393"
      }
    },
    "node_modules/trans-render": {
      "version": "0.0.288",
      "resolved": "https://registry.npmjs.org/trans-render/-/trans-render-0.0.288.tgz",
      "integrity": "sha512-pSYa2EjC/U8XLj+kct/adHw4NkJv/8ETjiCj9wIxXnifuA1FYP0Hdbz9qhEAafgT46gVC7UFyYMfPEs8PAlZTg=="
    },
    "node_modules/xtal-element": {
      "version": "0.0.393",
      "resolved": "https://registry.npmjs.org/xtal-element/-/xtal-element-0.0.393.tgz",
      "integrity": "sha512-BQhDr6Sey3pHFnuDT8cAhy9JI4N18ZiRKLCUbQoPtbiTa3yz6RpUCqvpAKr9Ftg+FfMa14MSTsqsj+bMEx5RDw==",
      "license": "MIT",
      "dependencies": {
        "trans-render": "0.0.288"
      }
    }
  },
  "dependencies": {
    "trans-render": {
      "version": "0.0.288",
      "resolved": "https://registry.npmjs.org/trans-render/-/trans-render-0.0.288.tgz",
      "integrity": "sha512-pSYa2EjC/U8XLj+kct/adHw4NkJv/8ETjiCj9wIxXnifuA1FYP0Hdbz9qhEAafgT46gVC7UFyYMfPEs8PAlZTg=="
    },
    "xtal-element": {
      "version": "0.0.393",
      "resolved": "https://registry.npmjs.org/xtal-element/-/xtal-element-0.0.393.tgz",
      "integrity": "sha512-BQhDr6Sey3pHFnuDT8cAhy9JI4N18ZiRKLCUbQoPtbiTa3yz6RpUCqvpAKr9Ftg+FfMa14MSTsqsj+bMEx5RDw==",
      "requires": {
        "trans-render": "0.0.288"
      }
    }
  }
}
